
Microsoft Visual Studio Solution File, Format Version 12.00
# Visual Studio Version 16
VisualStudioVersion = 16.0.31025.194
MinimumVisualStudioVersion = 10.0.40219.1
Project("{FAE04EC0-301F-11D3-BF4B-00C04F79EFBC}") = "NavMeshComponents", "NavMeshComponents.csproj", "{3CD94375-48C7-018C-AD5A-E4AC0CF33481}"
EndProject
Project("{FAE04EC0-301F-11D3-BF4B-00C04F79EFBC}") = "Assembly-CSharp", "Assembly-CSharp.csproj", "{51A9779E-4CDD-27B8-F65E-8FD5E5B3559C}"
EndProject
Project("{FAE04EC0-301F-11D3-BF4B-00C04F79EFBC}") = "NavMeshComponentsEditor", "NavMeshComponentsEditor.csproj", "{1D2E9E4A-9D4F-6C90-3F8C-3090561C7B84}"
EndProject
Project("{FAE04EC0-301F-11D3-BF4B-00C04F79EFBC}") = "Assembly-CSharp-Editor", "Assembly-CSharp-Editor.csproj", "{42C10ACB-3F0D-B632-AEC4-4FAA7F622CAF}"
EndProject
Global
	GlobalSection(SolutionConfigurationPlatforms) = preSolution
		Debug|Any CPU = Debug|Any CPU
		Release|Any CPU = Release|Any CPU
	EndGlobalSection
	GlobalSection(ProjectConfigurationPlatforms) = postSolution
		{3CD94375-48C7-018C-AD5A-E4AC0CF33481}.Debug|Any CPU.ActiveCfg = Debug|Any CPU
		{3CD94375-48C7-018C-AD5A-E4AC0CF33481}.Debug|Any CPU.Build.0 = Debug|Any CPU
		{3CD94375-48C7-018C-AD5A-E4AC0CF33481}.Release|Any CPU.ActiveCfg = Release|Any CPU
		{3CD94375-48C7-018C-AD5A-E4AC0CF33481}.Release|Any CPU.Build.0 = Release|Any CPU
		{51A9779E-4CDD-27B8-F65E-8FD5E5B3559C}.Debug|Any CPU.ActiveCfg = Debug|Any CPU
		{51A9779E-4CDD-27B8-F65E-8FD5E5B3559C}.Debug|Any CPU.Build.0 = Debug|Any CPU
		{51A9779E-4CDD-27B8-F65E-8FD5E5B3559C}.Release|Any CPU.ActiveCfg = Release|Any CPU
		{51A9779E-4CDD-27B8-F65E-8FD5E5B3559C}.Release|Any CPU.Build.0 = Release|Any CPU
		{1D2E9E4A-9D4F-6C90-3F8C-3090561C7B84}.Debug|Any CPU.ActiveCfg = Debug|Any CPU
		{1D2E9E4A-9D4F-6C90-3F8C-3090561C7B84}.Debug|Any CPU.Build.0 = Debug|Any CPU
		{1D2E9E4A-9D4F-6C90-3F8C-3090561C7B84}.Release|Any CPU.ActiveCfg = Release|Any CPU
		{1D2E9E4A-9D4F-6C90-3F8C-3090561C7B84}.Release|Any CPU.Build.0 = Release|Any CPU
		{42C10ACB-3F0D-B632-AEC4-4FAA7F622CAF}.Debug|Any CPU.ActiveCfg = Debug|Any CPU
		{42C10ACB-3F0D-B632-AEC4-4FAA7F622CAF}.Debug|Any CPU.Build.0 = Debug|Any CPU
		{42C10ACB-3F0D-B632-AEC4-4FAA7F622CAF}.Release|Any CPU.ActiveCfg = Release|Any CPU
		{42C10ACB-3F0D-B632-AEC4-4FAA7F622CAF}.Release|Any CPU.Build.0 = Release|Any CPU
	EndGlobalSection
	GlobalSection(SolutionProperties) = preSolution
		HideSolutionNode = FALSE
	EndGlobalSection
	GlobalSection(ExtensibilityGlobals) = postSolution
		SolutionGuid = {6601A0B2-522E-458F-A8B8-4735F3CFF981}
	EndGlobalSection
EndGlobal
